# This file is automatically @generated by Cargo.
# It is not intended for manual editing.
version = 3

[[package]]
name = "atspi"
version = "0.0.1"

[[package]]
name = "odilia"
version = "0.0.1"
dependencies = [
 "atspi",
 "odilia-common",
 "odilia-input",
 "odilia-tts",
]

[[package]]
name = "odilia-common"
version = "0.0.1"

[[package]]
name = "odilia-input"
version = "0.0.1"

[[package]]
name = "odilia-tts"
version = "0.0.1"
